
Microsoft Visual Studio Solution File, Format Version 12.00
# Visual Studio Version 16
VisualStudioVersion = 25.0.1704.5
MinimumVisualStudioVersion = 10.0.40219.1
Project("{FAE04EC0-301F-11D3-BF4B-00C04F79EFBC}") = "PGN_User_Directory", "PGN_User_Directory\PGN_User_Directory.csproj", "{A25FCA99-ED89-43A8-A8A5-BBEB5DB8BBEA}"
EndProject
Global
	GlobalSection(SolutionConfigurationPlatforms) = preSolution
		Debug|Any CPU = Debug|Any CPU
		Release|Any CPU = Release|Any CPU
	EndGlobalSection
	GlobalSection(ProjectConfigurationPlatforms) = postSolution
		{A25FCA99-ED89-43A8-A8A5-BBEB5DB8BBEA}.Debug|Any CPU.ActiveCfg = Debug|Any CPU
		{A25FCA99-ED89-43A8-A8A5-BBEB5DB8BBEA}.Debug|Any CPU.Build.0 = Debug|Any CPU
		{A25FCA99-ED89-43A8-A8A5-BBEB5DB8BBEA}.Release|Any CPU.ActiveCfg = Release|Any CPU
		{A25FCA99-ED89-43A8-A8A5-BBEB5DB8BBEA}.Release|Any CPU.Build.0 = Release|Any CPU
	EndGlobalSection
	GlobalSection(SolutionProperties) = preSolution
		HideSolutionNode = FALSE
	EndGlobalSection
	GlobalSection(ExtensibilityGlobals) = postSolution
		SolutionGuid = {D536296A-299B-429A-9196-692FD3D3CC07}
	EndGlobalSection
EndGlobal
